
Microsoft Visual Studio Solution File, Format Version 12.00
# Visual Studio 14
VisualStudioVersion = 14.0.25123.0
MinimumVisualStudioVersion = 10.0.40219.1
Project("{2150E333-8FDC-42A3-9474-1A3956D46DE8}") = "Core", "Core", "{30788AE0-FA2B-4A6C-840C-3EC3238CAD4C}"
EndProject
Project("{FAE04EC0-301F-11D3-BF4B-00C04F79EFBC}") = "EsentSerialize81", "Core\EsentSerialize81\EsentSerialize81.csproj", "{EF208738-29BC-49FD-933F-19B6BECAC717}"
EndProject
Project("{FAE04EC0-301F-11D3-BF4B-00C04F79EFBC}") = "EsentSerialize10", "Core\EsentSerialize10\EsentSerialize10.csproj", "{E7E5CD80-3591-4E63-848B-4CABD4532BF1}"
EndProject
Project("{FAE04EC0-301F-11D3-BF4B-00C04F79EFBC}") = "EsentSerialize", "Core\EsentSerialize\EsentSerialize.csproj", "{7679E23C-77C8-4898-8529-8D6E33941248}"
EndProject
Project("{2150E333-8FDC-42A3-9474-1A3956D46DE8}") = "Demos", "Demos", "{AC4826E5-79FA-44E0-9A85-B4C484504021}"
	ProjectSection(SolutionItems) = preProject
		Demos\FiltersTest.cs = Demos\FiltersTest.cs
		Demos\Person.cs = Demos\Person.cs
	EndProjectSection
EndProject
Project("{FAE04EC0-301F-11D3-BF4B-00C04F79EFBC}") = "WsaDemo81", "Demos\WsaDemo81\WsaDemo81.csproj", "{D33F1861-CA96-4AE6-9BD4-BD2ABA560320}"
EndProject
Project("{FAE04EC0-301F-11D3-BF4B-00C04F79EFBC}") = "ConsoleDemo", "Demos\ConsoleDemo\ConsoleDemo.csproj", "{4D252C51-BB63-4370-8925-7357343B7849}"
EndProject
Global
	GlobalSection(SolutionConfigurationPlatforms) = preSolution
		Debug|Any CPU = Debug|Any CPU
		Debug|ARM = Debug|ARM
		Debug|x64 = Debug|x64
		Debug|x86 = Debug|x86
		Release|Any CPU = Release|Any CPU
		Release|ARM = Release|ARM
		Release|x64 = Release|x64
		Release|x86 = Release|x86
	EndGlobalSection
	GlobalSection(ProjectConfigurationPlatforms) = postSolution
		{EF208738-29BC-49FD-933F-19B6BECAC717}.Debug|Any CPU.ActiveCfg = Debug|Any CPU
		{EF208738-29BC-49FD-933F-19B6BECAC717}.Debug|Any CPU.Build.0 = Debug|Any CPU
		{EF208738-29BC-49FD-933F-19B6BECAC717}.Debug|ARM.ActiveCfg = Debug|Any CPU
		{EF208738-29BC-49FD-933F-19B6BECAC717}.Debug|ARM.Build.0 = Debug|Any CPU
		{EF208738-29BC-49FD-933F-19B6BECAC717}.Debug|x64.ActiveCfg = Debug|Any CPU
		{EF208738-29BC-49FD-933F-19B6BECAC717}.Debug|x64.Build.0 = Debug|Any CPU
		{EF208738-29BC-49FD-933F-19B6BECAC717}.Debug|x86.ActiveCfg = Debug|Any CPU
		{EF208738-29BC-49FD-933F-19B6BECAC717}.Debug|x86.Build.0 = Debug|Any CPU
		{EF208738-29BC-49FD-933F-19B6BECAC717}.Release|Any CPU.ActiveCfg = Release|Any CPU
		{EF208738-29BC-49FD-933F-19B6BECAC717}.Release|Any CPU.Build.0 = Release|Any CPU
		{EF208738-29BC-49FD-933F-19B6BECAC717}.Release|ARM.ActiveCfg = Release|Any CPU
		{EF208738-29BC-49FD-933F-19B6BECAC717}.Release|ARM.Build.0 = Release|Any CPU
		{EF208738-29BC-49FD-933F-19B6BECAC717}.Release|x64.ActiveCfg = Release|Any CPU
		{EF208738-29BC-49FD-933F-19B6BECAC717}.Release|x64.Build.0 = Release|Any CPU
		{EF208738-29BC-49FD-933F-19B6BECAC717}.Release|x86.ActiveCfg = Release|Any CPU
		{EF208738-29BC-49FD-933F-19B6BECAC717}.Release|x86.Build.0 = Release|Any CPU
		{E7E5CD80-3591-4E63-848B-4CABD4532BF1}.Debug|Any CPU.ActiveCfg = Debug|Any CPU
		{E7E5CD80-3591-4E63-848B-4CABD4532BF1}.Debug|Any CPU.Build.0 = Debug|Any CPU
		{E7E5CD80-3591-4E63-848B-4CABD4532BF1}.Debug|ARM.ActiveCfg = Debug|ARM
		{E7E5CD80-3591-4E63-848B-4CABD4532BF1}.Debug|ARM.Build.0 = Debug|ARM
		{E7E5CD80-3591-4E63-848B-4CABD4532BF1}.Debug|x64.ActiveCfg = Debug|x64
		{E7E5CD80-3591-4E63-848B-4CABD4532BF1}.Debug|x64.Build.0 = Debug|x64
		{E7E5CD80-3591-4E63-848B-4CABD4532BF1}.Debug|x86.ActiveCfg = Debug|x86
		{E7E5CD80-3591-4E63-848B-4CABD4532BF1}.Debug|x86.Build.0 = Debug|x86
		{E7E5CD80-3591-4E63-848B-4CABD4532BF1}.Release|Any CPU.ActiveCfg = Release|Any CPU
		{E7E5CD80-3591-4E63-848B-4CABD4532BF1}.Release|Any CPU.Build.0 = Release|Any CPU
		{E7E5CD80-3591-4E63-848B-4CABD4532BF1}.Release|ARM.ActiveCfg = Release|ARM
		{E7E5CD80-3591-4E63-848B-4CABD4532BF1}.Release|ARM.Build.0 = Release|ARM
		{E7E5CD80-3591-4E63-848B-4CABD4532BF1}.Release|x64.ActiveCfg = Release|x64
		{E7E5CD80-3591-4E63-848B-4CABD4532BF1}.Release|x64.Build.0 = Release|x64
		{E7E5CD80-3591-4E63-848B-4CABD4532BF1}.Release|x86.ActiveCfg = Release|x86
		{E7E5CD80-3591-4E63-848B-4CABD4532BF1}.Release|x86.Build.0 = Release|x86
		{7679E23C-77C8-4898-8529-8D6E33941248}.Debug|Any CPU.ActiveCfg = Debug|Any CPU
		{7679E23C-77C8-4898-8529-8D6E33941248}.Debug|Any CPU.Build.0 = Debug|Any CPU
		{7679E23C-77C8-4898-8529-8D6E33941248}.Debug|ARM.ActiveCfg = Debug|Any CPU
		{7679E23C-77C8-4898-8529-8D6E33941248}.Debug|ARM.Build.0 = Debug|Any CPU
		{7679E23C-77C8-4898-8529-8D6E33941248}.Debug|x64.ActiveCfg = Debug|Any CPU
		{7679E23C-77C8-4898-8529-8D6E33941248}.Debug|x64.Build.0 = Debug|Any CPU
		{7679E23C-77C8-4898-8529-8D6E33941248}.Debug|x86.ActiveCfg = Debug|Any CPU
		{7679E23C-77C8-4898-8529-8D6E33941248}.Debug|x86.Build.0 = Debug|Any CPU
		{7679E23C-77C8-4898-8529-8D6E33941248}.Release|Any CPU.ActiveCfg = Release|Any CPU
		{7679E23C-77C8-4898-8529-8D6E33941248}.Release|Any CPU.Build.0 = Release|Any CPU
		{7679E23C-77C8-4898-8529-8D6E33941248}.Release|ARM.ActiveCfg = Release|Any CPU
		{7679E23C-77C8-4898-8529-8D6E33941248}.Release|ARM.Build.0 = Release|Any CPU
		{7679E23C-77C8-4898-8529-8D6E33941248}.Release|x64.ActiveCfg = Release|Any CPU
		{7679E23C-77C8-4898-8529-8D6E33941248}.Release|x64.Build.0 = Release|Any CPU
		{7679E23C-77C8-4898-8529-8D6E33941248}.Release|x86.ActiveCfg = Release|Any CPU
		{7679E23C-77C8-4898-8529-8D6E33941248}.Release|x86.Build.0 = Release|Any CPU
		{D33F1861-CA96-4AE6-9BD4-BD2ABA560320}.Debug|Any CPU.ActiveCfg = Debug|Any CPU
		{D33F1861-CA96-4AE6-9BD4-BD2ABA560320}.Debug|Any CPU.Build.0 = Debug|Any CPU
		{D33F1861-CA96-4AE6-9BD4-BD2ABA560320}.Debug|Any CPU.Deploy.0 = Debug|Any CPU
		{D33F1861-CA96-4AE6-9BD4-BD2ABA560320}.Debug|ARM.ActiveCfg = Debug|Any CPU
		{D33F1861-CA96-4AE6-9BD4-BD2ABA560320}.Debug|ARM.Build.0 = Debug|Any CPU
		{D33F1861-CA96-4AE6-9BD4-BD2ABA560320}.Debug|ARM.Deploy.0 = Debug|Any CPU
		{D33F1861-CA96-4AE6-9BD4-BD2ABA560320}.Debug|x64.ActiveCfg = Debug|Any CPU
		{D33F1861-CA96-4AE6-9BD4-BD2ABA560320}.Debug|x64.Build.0 = Debug|Any CPU
		{D33F1861-CA96-4AE6-9BD4-BD2ABA560320}.Debug|x64.Deploy.0 = Debug|Any CPU
		{D33F1861-CA96-4AE6-9BD4-BD2ABA560320}.Debug|x86.ActiveCfg = Debug|Any CPU
		{D33F1861-CA96-4AE6-9BD4-BD2ABA560320}.Debug|x86.Build.0 = Debug|Any CPU
		{D33F1861-CA96-4AE6-9BD4-BD2ABA560320}.Debug|x86.Deploy.0 = Debug|Any CPU
		{D33F1861-CA96-4AE6-9BD4-BD2ABA560320}.Release|Any CPU.ActiveCfg = Release|Any CPU
		{D33F1861-CA96-4AE6-9BD4-BD2ABA560320}.Release|Any CPU.Build.0 = Release|Any CPU
		{D33F1861-CA96-4AE6-9BD4-BD2ABA560320}.Release|Any CPU.Deploy.0 = Release|Any CPU
		{D33F1861-CA96-4AE6-9BD4-BD2ABA560320}.Release|ARM.ActiveCfg = Release|Any CPU
		{D33F1861-CA96-4AE6-9BD4-BD2ABA560320}.Release|ARM.Build.0 = Release|Any CPU
		{D33F1861-CA96-4AE6-9BD4-BD2ABA560320}.Release|ARM.Deploy.0 = Release|Any CPU
		{D33F1861-CA96-4AE6-9BD4-BD2ABA560320}.Release|x64.ActiveCfg = Release|Any CPU
		{D33F1861-CA96-4AE6-9BD4-BD2ABA560320}.Release|x64.Build.0 = Release|Any CPU
		{D33F1861-CA96-4AE6-9BD4-BD2ABA560320}.Release|x64.Deploy.0 = Release|Any CPU
		{D33F1861-CA96-4AE6-9BD4-BD2ABA560320}.Release|x86.ActiveCfg = Release|Any CPU
		{D33F1861-CA96-4AE6-9BD4-BD2ABA560320}.Release|x86.Build.0 = Release|Any CPU
		{D33F1861-CA96-4AE6-9BD4-BD2ABA560320}.Release|x86.Deploy.0 = Release|Any CPU
		{4D252C51-BB63-4370-8925-7357343B7849}.Debug|Any CPU.ActiveCfg = Debug|Any CPU
		{4D252C51-BB63-4370-8925-7357343B7849}.Debug|Any CPU.Build.0 = Debug|Any CPU
		{4D252C51-BB63-4370-8925-7357343B7849}.Debug|ARM.ActiveCfg = Debug|Any CPU
		{4D252C51-BB63-4370-8925-7357343B7849}.Debug|ARM.Build.0 = Debug|Any CPU
		{4D252C51-BB63-4370-8925-7357343B7849}.Debug|x64.ActiveCfg = Debug|Any CPU
		{4D252C51-BB63-4370-8925-7357343B7849}.Debug|x64.Build.0 = Debug|Any CPU
		{4D252C51-BB63-4370-8925-7357343B7849}.Debug|x86.ActiveCfg = Debug|Any CPU
		{4D252C51-BB63-4370-8925-7357343B7849}.Debug|x86.Build.0 = Debug|Any CPU
		{4D252C51-BB63-4370-8925-7357343B7849}.Release|Any CPU.ActiveCfg = Release|Any CPU
		{4D252C51-BB63-4370-8925-7357343B7849}.Release|Any CPU.Build.0 = Release|Any CPU
		{4D252C51-BB63-4370-8925-7357343B7849}.Release|ARM.ActiveCfg = Release|Any CPU
		{4D252C51-BB63-4370-8925-7357343B7849}.Release|ARM.Build.0 = Release|Any CPU
		{4D252C51-BB63-4370-8925-7357343B7849}.Release|x64.ActiveCfg = Release|Any CPU
		{4D252C51-BB63-4370-8925-7357343B7849}.Release|x64.Build.0 = Release|Any CPU
		{4D252C51-BB63-4370-8925-7357343B7849}.Release|x86.ActiveCfg = Release|Any CPU
		{4D252C51-BB63-4370-8925-7357343B7849}.Release|x86.Build.0 = Release|Any CPU
	EndGlobalSection
	GlobalSection(SolutionProperties) = preSolution
		HideSolutionNode = FALSE
	EndGlobalSection
	GlobalSection(NestedProjects) = preSolution
		{EF208738-29BC-49FD-933F-19B6BECAC717} = {30788AE0-FA2B-4A6C-840C-3EC3238CAD4C}
		{E7E5CD80-3591-4E63-848B-4CABD4532BF1} = {30788AE0-FA2B-4A6C-840C-3EC3238CAD4C}
		{7679E23C-77C8-4898-8529-8D6E33941248} = {30788AE0-FA2B-4A6C-840C-3EC3238CAD4C}
		{D33F1861-CA96-4AE6-9BD4-BD2ABA560320} = {AC4826E5-79FA-44E0-9A85-B4C484504021}
		{4D252C51-BB63-4370-8925-7357343B7849} = {AC4826E5-79FA-44E0-9A85-B4C484504021}
	EndGlobalSection
EndGlobal
