
Microsoft Visual Studio Solution File, Format Version 12.00
# Visual Studio 14
VisualStudioVersion = 14.0.25123.0
MinimumVisualStudioVersion = 10.0.40219.1
Project("{2150E333-8FDC-42A3-9474-1A3956D46DE8}") = "Core", "Core", "{30788AE0-FA2B-4A6C-840C-3EC3238CAD4C}"
EndProject
Project("{FAE04EC0-301F-11D3-BF4B-00C04F79EFBC}") = "EsentSerialize81", "Core\EsentSerialize81\EsentSerialize81.csproj", "{EF208738-29BC-49FD-933F-19B6BECAC717}"
EndProject
Project("{FAE04EC0-301F-11D3-BF4B-00C04F79EFBC}") = "EsentSerialize10", "Core\EsentSerialize10\EsentSerialize10.csproj", "{E7E5CD80-3591-4E63-848B-4CABD4532BF1}"
EndProject
Project("{FAE04EC0-301F-11D3-BF4B-00C04F79EFBC}") = "EsentSerialize", "Core\EsentSerialize\EsentSerialize.csproj", "{7679E23C-77C8-4898-8529-8D6E33941248}"
EndProject
Project("{2150E333-8FDC-42A3-9474-1A3956D46DE8}") = "Demos", "Demos", "{AC4826E5-79FA-44E0-9A85-B4C484504021}"
	ProjectSection(SolutionItems) = preProject
		Demos\FiltersTest.cs = Demos\FiltersTest.cs
		Demos\Person.cs = Demos\Person.cs
	EndProjectSection
EndProject
Project("{FAE04EC0-301F-11D3-BF4B-00C04F79EFBC}") = "WsaDemo81", "Demos\WsaDemo81\WsaDemo81.csproj", "{D33F1861-CA96-4AE6-9BD4-BD2ABA560320}"
EndProject
Project("{FAE04EC0-301F-11D3-BF4B-00C04F79EFBC}") = "ConsoleDemo", "Demos\ConsoleDemo\ConsoleDemo.csproj", "{4D252C51-BB63-4370-8925-7357343B7849}"
EndProject
Project("{FAE04EC0-301F-11D3-BF4B-00C04F79EFBC}") = "WinFormsDemoApp", "Demos\WinFormsDemo\WinFormsDemoApp.csproj", "{1E51C46E-1C50-4BD6-B966-2C4F1A11A13A}"
EndProject
Project("{FAE04EC0-301F-11D3-BF4B-00C04F79EFBC}") = "EsentSerialize.WinForms", "Core\EsentSerialize.WinForms\EsentSerialize.WinForms.csproj", "{7A2A4C99-235F-4892-8589-6016C45E1C95}"
EndProject
Project("{FAE04EC0-301F-11D3-BF4B-00C04F79EFBC}") = "RestoreDatabase", "Demos\RestoreDatabase\RestoreDatabase.csproj", "{F0485F60-BD0F-4567-A909-1F8C9B0370D6}"
EndProject
Project("{FAE04EC0-301F-11D3-BF4B-00C04F79EFBC}") = "DictionaryDemo", "Demos\DictionaryDemo\DictionaryDemo.csproj", "{12270BB1-4D62-40AC-8708-78409406898E}"
EndProject
Project("{FAE04EC0-301F-11D3-BF4B-00C04F79EFBC}") = "FileSystemDemo", "Demos\FileSystemDemo\FileSystemDemo.csproj", "{68A947ED-11DE-4762-8E3F-94E262874A20}"
EndProject
Project("{2150E333-8FDC-42A3-9474-1A3956D46DE8}") = "ClientServer", "ClientServer", "{1B011631-4F1F-430A-8419-501D04C4E947}"
	ProjectSection(SolutionItems) = preProject
		Demos\ClientServer\Readme.txt = Demos\ClientServer\Readme.txt
	EndProjectSection
EndProject
Project("{FAE04EC0-301F-11D3-BF4B-00C04F79EFBC}") = "Shared", "Demos\ClientServer\Shared\Shared.csproj", "{0E981080-51E6-421B-ACED-5AB11C46F74F}"
EndProject
Project("{FAE04EC0-301F-11D3-BF4B-00C04F79EFBC}") = "Server", "Demos\ClientServer\Server\Server.csproj", "{61B64016-84E6-440C-9C87-7164B68130E3}"
EndProject
Project("{FAE04EC0-301F-11D3-BF4B-00C04F79EFBC}") = "Client", "Demos\ClientServer\Client\Client.csproj", "{B65547D3-1161-4C8F-862F-AEAD9E1B58C5}"
EndProject
Global
	GlobalSection(SolutionConfigurationPlatforms) = preSolution
		Debug|Any CPU = Debug|Any CPU
		Debug|ARM = Debug|ARM
		Debug|x64 = Debug|x64
		Debug|x86 = Debug|x86
		Release|Any CPU = Release|Any CPU
		Release|ARM = Release|ARM
		Release|x64 = Release|x64
		Release|x86 = Release|x86
	EndGlobalSection
	GlobalSection(ProjectConfigurationPlatforms) = postSolution
		{EF208738-29BC-49FD-933F-19B6BECAC717}.Debug|Any CPU.ActiveCfg = Debug|Any CPU
		{EF208738-29BC-49FD-933F-19B6BECAC717}.Debug|Any CPU.Build.0 = Debug|Any CPU
		{EF208738-29BC-49FD-933F-19B6BECAC717}.Debug|ARM.ActiveCfg = Debug|Any CPU
		{EF208738-29BC-49FD-933F-19B6BECAC717}.Debug|ARM.Build.0 = Debug|Any CPU
		{EF208738-29BC-49FD-933F-19B6BECAC717}.Debug|x64.ActiveCfg = Debug|Any CPU
		{EF208738-29BC-49FD-933F-19B6BECAC717}.Debug|x64.Build.0 = Debug|Any CPU
		{EF208738-29BC-49FD-933F-19B6BECAC717}.Debug|x86.ActiveCfg = Debug|Any CPU
		{EF208738-29BC-49FD-933F-19B6BECAC717}.Debug|x86.Build.0 = Debug|Any CPU
		{EF208738-29BC-49FD-933F-19B6BECAC717}.Release|Any CPU.ActiveCfg = Release|Any CPU
		{EF208738-29BC-49FD-933F-19B6BECAC717}.Release|Any CPU.Build.0 = Release|Any CPU
		{EF208738-29BC-49FD-933F-19B6BECAC717}.Release|ARM.ActiveCfg = Release|Any CPU
		{EF208738-29BC-49FD-933F-19B6BECAC717}.Release|ARM.Build.0 = Release|Any CPU
		{EF208738-29BC-49FD-933F-19B6BECAC717}.Release|x64.ActiveCfg = Release|Any CPU
		{EF208738-29BC-49FD-933F-19B6BECAC717}.Release|x64.Build.0 = Release|Any CPU
		{EF208738-29BC-49FD-933F-19B6BECAC717}.Release|x86.ActiveCfg = Release|Any CPU
		{EF208738-29BC-49FD-933F-19B6BECAC717}.Release|x86.Build.0 = Release|Any CPU
		{E7E5CD80-3591-4E63-848B-4CABD4532BF1}.Debug|Any CPU.ActiveCfg = Debug|Any CPU
		{E7E5CD80-3591-4E63-848B-4CABD4532BF1}.Debug|Any CPU.Build.0 = Debug|Any CPU
		{E7E5CD80-3591-4E63-848B-4CABD4532BF1}.Debug|ARM.ActiveCfg = Debug|ARM
		{E7E5CD80-3591-4E63-848B-4CABD4532BF1}.Debug|ARM.Build.0 = Debug|ARM
		{E7E5CD80-3591-4E63-848B-4CABD4532BF1}.Debug|x64.ActiveCfg = Debug|x64
		{E7E5CD80-3591-4E63-848B-4CABD4532BF1}.Debug|x64.Build.0 = Debug|x64
		{E7E5CD80-3591-4E63-848B-4CABD4532BF1}.Debug|x86.ActiveCfg = Debug|x86
		{E7E5CD80-3591-4E63-848B-4CABD4532BF1}.Debug|x86.Build.0 = Debug|x86
		{E7E5CD80-3591-4E63-848B-4CABD4532BF1}.Release|Any CPU.ActiveCfg = Release|Any CPU
		{E7E5CD80-3591-4E63-848B-4CABD4532BF1}.Release|Any CPU.Build.0 = Release|Any CPU
		{E7E5CD80-3591-4E63-848B-4CABD4532BF1}.Release|ARM.ActiveCfg = Release|ARM
		{E7E5CD80-3591-4E63-848B-4CABD4532BF1}.Release|ARM.Build.0 = Release|ARM
		{E7E5CD80-3591-4E63-848B-4CABD4532BF1}.Release|x64.ActiveCfg = Release|x64
		{E7E5CD80-3591-4E63-848B-4CABD4532BF1}.Release|x64.Build.0 = Release|x64
		{E7E5CD80-3591-4E63-848B-4CABD4532BF1}.Release|x86.ActiveCfg = Release|x86
		{E7E5CD80-3591-4E63-848B-4CABD4532BF1}.Release|x86.Build.0 = Release|x86
		{7679E23C-77C8-4898-8529-8D6E33941248}.Debug|Any CPU.ActiveCfg = Debug|Any CPU
		{7679E23C-77C8-4898-8529-8D6E33941248}.Debug|Any CPU.Build.0 = Debug|Any CPU
		{7679E23C-77C8-4898-8529-8D6E33941248}.Debug|ARM.ActiveCfg = Debug|Any CPU
		{7679E23C-77C8-4898-8529-8D6E33941248}.Debug|ARM.Build.0 = Debug|Any CPU
		{7679E23C-77C8-4898-8529-8D6E33941248}.Debug|x64.ActiveCfg = Debug|Any CPU
		{7679E23C-77C8-4898-8529-8D6E33941248}.Debug|x64.Build.0 = Debug|Any CPU
		{7679E23C-77C8-4898-8529-8D6E33941248}.Debug|x86.ActiveCfg = Debug|Any CPU
		{7679E23C-77C8-4898-8529-8D6E33941248}.Debug|x86.Build.0 = Debug|Any CPU
		{7679E23C-77C8-4898-8529-8D6E33941248}.Release|Any CPU.ActiveCfg = Release|Any CPU
		{7679E23C-77C8-4898-8529-8D6E33941248}.Release|Any CPU.Build.0 = Release|Any CPU
		{7679E23C-77C8-4898-8529-8D6E33941248}.Release|ARM.ActiveCfg = Release|Any CPU
		{7679E23C-77C8-4898-8529-8D6E33941248}.Release|ARM.Build.0 = Release|Any CPU
		{7679E23C-77C8-4898-8529-8D6E33941248}.Release|x64.ActiveCfg = Release|Any CPU
		{7679E23C-77C8-4898-8529-8D6E33941248}.Release|x64.Build.0 = Release|Any CPU
		{7679E23C-77C8-4898-8529-8D6E33941248}.Release|x86.ActiveCfg = Release|Any CPU
		{7679E23C-77C8-4898-8529-8D6E33941248}.Release|x86.Build.0 = Release|Any CPU
		{D33F1861-CA96-4AE6-9BD4-BD2ABA560320}.Debug|Any CPU.ActiveCfg = Debug|Any CPU
		{D33F1861-CA96-4AE6-9BD4-BD2ABA560320}.Debug|Any CPU.Build.0 = Debug|Any CPU
		{D33F1861-CA96-4AE6-9BD4-BD2ABA560320}.Debug|Any CPU.Deploy.0 = Debug|Any CPU
		{D33F1861-CA96-4AE6-9BD4-BD2ABA560320}.Debug|ARM.ActiveCfg = Debug|Any CPU
		{D33F1861-CA96-4AE6-9BD4-BD2ABA560320}.Debug|ARM.Build.0 = Debug|Any CPU
		{D33F1861-CA96-4AE6-9BD4-BD2ABA560320}.Debug|ARM.Deploy.0 = Debug|Any CPU
		{D33F1861-CA96-4AE6-9BD4-BD2ABA560320}.Debug|x64.ActiveCfg = Debug|Any CPU
		{D33F1861-CA96-4AE6-9BD4-BD2ABA560320}.Debug|x64.Build.0 = Debug|Any CPU
		{D33F1861-CA96-4AE6-9BD4-BD2ABA560320}.Debug|x64.Deploy.0 = Debug|Any CPU
		{D33F1861-CA96-4AE6-9BD4-BD2ABA560320}.Debug|x86.ActiveCfg = Debug|Any CPU
		{D33F1861-CA96-4AE6-9BD4-BD2ABA560320}.Debug|x86.Build.0 = Debug|Any CPU
		{D33F1861-CA96-4AE6-9BD4-BD2ABA560320}.Debug|x86.Deploy.0 = Debug|Any CPU
		{D33F1861-CA96-4AE6-9BD4-BD2ABA560320}.Release|Any CPU.ActiveCfg = Release|Any CPU
		{D33F1861-CA96-4AE6-9BD4-BD2ABA560320}.Release|Any CPU.Build.0 = Release|Any CPU
		{D33F1861-CA96-4AE6-9BD4-BD2ABA560320}.Release|Any CPU.Deploy.0 = Release|Any CPU
		{D33F1861-CA96-4AE6-9BD4-BD2ABA560320}.Release|ARM.ActiveCfg = Release|Any CPU
		{D33F1861-CA96-4AE6-9BD4-BD2ABA560320}.Release|ARM.Build.0 = Release|Any CPU
		{D33F1861-CA96-4AE6-9BD4-BD2ABA560320}.Release|ARM.Deploy.0 = Release|Any CPU
		{D33F1861-CA96-4AE6-9BD4-BD2ABA560320}.Release|x64.ActiveCfg = Release|Any CPU
		{D33F1861-CA96-4AE6-9BD4-BD2ABA560320}.Release|x64.Build.0 = Release|Any CPU
		{D33F1861-CA96-4AE6-9BD4-BD2ABA560320}.Release|x64.Deploy.0 = Release|Any CPU
		{D33F1861-CA96-4AE6-9BD4-BD2ABA560320}.Release|x86.ActiveCfg = Release|Any CPU
		{D33F1861-CA96-4AE6-9BD4-BD2ABA560320}.Release|x86.Build.0 = Release|Any CPU
		{D33F1861-CA96-4AE6-9BD4-BD2ABA560320}.Release|x86.Deploy.0 = Release|Any CPU
		{4D252C51-BB63-4370-8925-7357343B7849}.Debug|Any CPU.ActiveCfg = Debug|Any CPU
		{4D252C51-BB63-4370-8925-7357343B7849}.Debug|Any CPU.Build.0 = Debug|Any CPU
		{4D252C51-BB63-4370-8925-7357343B7849}.Debug|ARM.ActiveCfg = Debug|Any CPU
		{4D252C51-BB63-4370-8925-7357343B7849}.Debug|ARM.Build.0 = Debug|Any CPU
		{4D252C51-BB63-4370-8925-7357343B7849}.Debug|x64.ActiveCfg = Debug|Any CPU
		{4D252C51-BB63-4370-8925-7357343B7849}.Debug|x64.Build.0 = Debug|Any CPU
		{4D252C51-BB63-4370-8925-7357343B7849}.Debug|x86.ActiveCfg = Debug|Any CPU
		{4D252C51-BB63-4370-8925-7357343B7849}.Debug|x86.Build.0 = Debug|Any CPU
		{4D252C51-BB63-4370-8925-7357343B7849}.Release|Any CPU.ActiveCfg = Release|Any CPU
		{4D252C51-BB63-4370-8925-7357343B7849}.Release|Any CPU.Build.0 = Release|Any CPU
		{4D252C51-BB63-4370-8925-7357343B7849}.Release|ARM.ActiveCfg = Release|Any CPU
		{4D252C51-BB63-4370-8925-7357343B7849}.Release|ARM.Build.0 = Release|Any CPU
		{4D252C51-BB63-4370-8925-7357343B7849}.Release|x64.ActiveCfg = Release|Any CPU
		{4D252C51-BB63-4370-8925-7357343B7849}.Release|x64.Build.0 = Release|Any CPU
		{4D252C51-BB63-4370-8925-7357343B7849}.Release|x86.ActiveCfg = Release|Any CPU
		{4D252C51-BB63-4370-8925-7357343B7849}.Release|x86.Build.0 = Release|Any CPU
		{1E51C46E-1C50-4BD6-B966-2C4F1A11A13A}.Debug|Any CPU.ActiveCfg = Debug|Any CPU
		{1E51C46E-1C50-4BD6-B966-2C4F1A11A13A}.Debug|Any CPU.Build.0 = Debug|Any CPU
		{1E51C46E-1C50-4BD6-B966-2C4F1A11A13A}.Debug|ARM.ActiveCfg = Debug|Any CPU
		{1E51C46E-1C50-4BD6-B966-2C4F1A11A13A}.Debug|ARM.Build.0 = Debug|Any CPU
		{1E51C46E-1C50-4BD6-B966-2C4F1A11A13A}.Debug|x64.ActiveCfg = Debug|Any CPU
		{1E51C46E-1C50-4BD6-B966-2C4F1A11A13A}.Debug|x64.Build.0 = Debug|Any CPU
		{1E51C46E-1C50-4BD6-B966-2C4F1A11A13A}.Debug|x86.ActiveCfg = Debug|Any CPU
		{1E51C46E-1C50-4BD6-B966-2C4F1A11A13A}.Debug|x86.Build.0 = Debug|Any CPU
		{1E51C46E-1C50-4BD6-B966-2C4F1A11A13A}.Release|Any CPU.ActiveCfg = Release|Any CPU
		{1E51C46E-1C50-4BD6-B966-2C4F1A11A13A}.Release|Any CPU.Build.0 = Release|Any CPU
		{1E51C46E-1C50-4BD6-B966-2C4F1A11A13A}.Release|ARM.ActiveCfg = Release|Any CPU
		{1E51C46E-1C50-4BD6-B966-2C4F1A11A13A}.Release|ARM.Build.0 = Release|Any CPU
		{1E51C46E-1C50-4BD6-B966-2C4F1A11A13A}.Release|x64.ActiveCfg = Release|Any CPU
		{1E51C46E-1C50-4BD6-B966-2C4F1A11A13A}.Release|x64.Build.0 = Release|Any CPU
		{1E51C46E-1C50-4BD6-B966-2C4F1A11A13A}.Release|x86.ActiveCfg = Release|Any CPU
		{1E51C46E-1C50-4BD6-B966-2C4F1A11A13A}.Release|x86.Build.0 = Release|Any CPU
		{7A2A4C99-235F-4892-8589-6016C45E1C95}.Debug|Any CPU.ActiveCfg = Debug|Any CPU
		{7A2A4C99-235F-4892-8589-6016C45E1C95}.Debug|Any CPU.Build.0 = Debug|Any CPU
		{7A2A4C99-235F-4892-8589-6016C45E1C95}.Debug|ARM.ActiveCfg = Debug|Any CPU
		{7A2A4C99-235F-4892-8589-6016C45E1C95}.Debug|ARM.Build.0 = Debug|Any CPU
		{7A2A4C99-235F-4892-8589-6016C45E1C95}.Debug|x64.ActiveCfg = Debug|Any CPU
		{7A2A4C99-235F-4892-8589-6016C45E1C95}.Debug|x64.Build.0 = Debug|Any CPU
		{7A2A4C99-235F-4892-8589-6016C45E1C95}.Debug|x86.ActiveCfg = Debug|Any CPU
		{7A2A4C99-235F-4892-8589-6016C45E1C95}.Debug|x86.Build.0 = Debug|Any CPU
		{7A2A4C99-235F-4892-8589-6016C45E1C95}.Release|Any CPU.ActiveCfg = Release|Any CPU
		{7A2A4C99-235F-4892-8589-6016C45E1C95}.Release|Any CPU.Build.0 = Release|Any CPU
		{7A2A4C99-235F-4892-8589-6016C45E1C95}.Release|ARM.ActiveCfg = Release|Any CPU
		{7A2A4C99-235F-4892-8589-6016C45E1C95}.Release|ARM.Build.0 = Release|Any CPU
		{7A2A4C99-235F-4892-8589-6016C45E1C95}.Release|x64.ActiveCfg = Release|Any CPU
		{7A2A4C99-235F-4892-8589-6016C45E1C95}.Release|x64.Build.0 = Release|Any CPU
		{7A2A4C99-235F-4892-8589-6016C45E1C95}.Release|x86.ActiveCfg = Release|Any CPU
		{7A2A4C99-235F-4892-8589-6016C45E1C95}.Release|x86.Build.0 = Release|Any CPU
		{F0485F60-BD0F-4567-A909-1F8C9B0370D6}.Debug|Any CPU.ActiveCfg = Debug|Any CPU
		{F0485F60-BD0F-4567-A909-1F8C9B0370D6}.Debug|Any CPU.Build.0 = Debug|Any CPU
		{F0485F60-BD0F-4567-A909-1F8C9B0370D6}.Debug|ARM.ActiveCfg = Debug|Any CPU
		{F0485F60-BD0F-4567-A909-1F8C9B0370D6}.Debug|ARM.Build.0 = Debug|Any CPU
		{F0485F60-BD0F-4567-A909-1F8C9B0370D6}.Debug|x64.ActiveCfg = Debug|Any CPU
		{F0485F60-BD0F-4567-A909-1F8C9B0370D6}.Debug|x64.Build.0 = Debug|Any CPU
		{F0485F60-BD0F-4567-A909-1F8C9B0370D6}.Debug|x86.ActiveCfg = Debug|Any CPU
		{F0485F60-BD0F-4567-A909-1F8C9B0370D6}.Debug|x86.Build.0 = Debug|Any CPU
		{F0485F60-BD0F-4567-A909-1F8C9B0370D6}.Release|Any CPU.ActiveCfg = Release|Any CPU
		{F0485F60-BD0F-4567-A909-1F8C9B0370D6}.Release|Any CPU.Build.0 = Release|Any CPU
		{F0485F60-BD0F-4567-A909-1F8C9B0370D6}.Release|ARM.ActiveCfg = Release|Any CPU
		{F0485F60-BD0F-4567-A909-1F8C9B0370D6}.Release|ARM.Build.0 = Release|Any CPU
		{F0485F60-BD0F-4567-A909-1F8C9B0370D6}.Release|x64.ActiveCfg = Release|Any CPU
		{F0485F60-BD0F-4567-A909-1F8C9B0370D6}.Release|x64.Build.0 = Release|Any CPU
		{F0485F60-BD0F-4567-A909-1F8C9B0370D6}.Release|x86.ActiveCfg = Release|Any CPU
		{F0485F60-BD0F-4567-A909-1F8C9B0370D6}.Release|x86.Build.0 = Release|Any CPU
		{12270BB1-4D62-40AC-8708-78409406898E}.Debug|Any CPU.ActiveCfg = Debug|Any CPU
		{12270BB1-4D62-40AC-8708-78409406898E}.Debug|Any CPU.Build.0 = Debug|Any CPU
		{12270BB1-4D62-40AC-8708-78409406898E}.Debug|ARM.ActiveCfg = Debug|Any CPU
		{12270BB1-4D62-40AC-8708-78409406898E}.Debug|ARM.Build.0 = Debug|Any CPU
		{12270BB1-4D62-40AC-8708-78409406898E}.Debug|x64.ActiveCfg = Debug|Any CPU
		{12270BB1-4D62-40AC-8708-78409406898E}.Debug|x64.Build.0 = Debug|Any CPU
		{12270BB1-4D62-40AC-8708-78409406898E}.Debug|x86.ActiveCfg = Debug|Any CPU
		{12270BB1-4D62-40AC-8708-78409406898E}.Debug|x86.Build.0 = Debug|Any CPU
		{12270BB1-4D62-40AC-8708-78409406898E}.Release|Any CPU.ActiveCfg = Release|Any CPU
		{12270BB1-4D62-40AC-8708-78409406898E}.Release|Any CPU.Build.0 = Release|Any CPU
		{12270BB1-4D62-40AC-8708-78409406898E}.Release|ARM.ActiveCfg = Release|Any CPU
		{12270BB1-4D62-40AC-8708-78409406898E}.Release|ARM.Build.0 = Release|Any CPU
		{12270BB1-4D62-40AC-8708-78409406898E}.Release|x64.ActiveCfg = Release|Any CPU
		{12270BB1-4D62-40AC-8708-78409406898E}.Release|x64.Build.0 = Release|Any CPU
		{12270BB1-4D62-40AC-8708-78409406898E}.Release|x86.ActiveCfg = Release|Any CPU
		{12270BB1-4D62-40AC-8708-78409406898E}.Release|x86.Build.0 = Release|Any CPU
		{68A947ED-11DE-4762-8E3F-94E262874A20}.Debug|Any CPU.ActiveCfg = Debug|Any CPU
		{68A947ED-11DE-4762-8E3F-94E262874A20}.Debug|Any CPU.Build.0 = Debug|Any CPU
		{68A947ED-11DE-4762-8E3F-94E262874A20}.Debug|ARM.ActiveCfg = Debug|Any CPU
		{68A947ED-11DE-4762-8E3F-94E262874A20}.Debug|ARM.Build.0 = Debug|Any CPU
		{68A947ED-11DE-4762-8E3F-94E262874A20}.Debug|x64.ActiveCfg = Debug|Any CPU
		{68A947ED-11DE-4762-8E3F-94E262874A20}.Debug|x64.Build.0 = Debug|Any CPU
		{68A947ED-11DE-4762-8E3F-94E262874A20}.Debug|x86.ActiveCfg = Debug|Any CPU
		{68A947ED-11DE-4762-8E3F-94E262874A20}.Debug|x86.Build.0 = Debug|Any CPU
		{68A947ED-11DE-4762-8E3F-94E262874A20}.Release|Any CPU.ActiveCfg = Release|Any CPU
		{68A947ED-11DE-4762-8E3F-94E262874A20}.Release|Any CPU.Build.0 = Release|Any CPU
		{68A947ED-11DE-4762-8E3F-94E262874A20}.Release|ARM.ActiveCfg = Release|Any CPU
		{68A947ED-11DE-4762-8E3F-94E262874A20}.Release|ARM.Build.0 = Release|Any CPU
		{68A947ED-11DE-4762-8E3F-94E262874A20}.Release|x64.ActiveCfg = Release|Any CPU
		{68A947ED-11DE-4762-8E3F-94E262874A20}.Release|x64.Build.0 = Release|Any CPU
		{68A947ED-11DE-4762-8E3F-94E262874A20}.Release|x86.ActiveCfg = Release|Any CPU
		{68A947ED-11DE-4762-8E3F-94E262874A20}.Release|x86.Build.0 = Release|Any CPU
		{0E981080-51E6-421B-ACED-5AB11C46F74F}.Debug|Any CPU.ActiveCfg = Debug|Any CPU
		{0E981080-51E6-421B-ACED-5AB11C46F74F}.Debug|Any CPU.Build.0 = Debug|Any CPU
		{0E981080-51E6-421B-ACED-5AB11C46F74F}.Debug|ARM.ActiveCfg = Debug|Any CPU
		{0E981080-51E6-421B-ACED-5AB11C46F74F}.Debug|ARM.Build.0 = Debug|Any CPU
		{0E981080-51E6-421B-ACED-5AB11C46F74F}.Debug|x64.ActiveCfg = Debug|Any CPU
		{0E981080-51E6-421B-ACED-5AB11C46F74F}.Debug|x64.Build.0 = Debug|Any CPU
		{0E981080-51E6-421B-ACED-5AB11C46F74F}.Debug|x86.ActiveCfg = Debug|Any CPU
		{0E981080-51E6-421B-ACED-5AB11C46F74F}.Debug|x86.Build.0 = Debug|Any CPU
		{0E981080-51E6-421B-ACED-5AB11C46F74F}.Release|Any CPU.ActiveCfg = Release|Any CPU
		{0E981080-51E6-421B-ACED-5AB11C46F74F}.Release|Any CPU.Build.0 = Release|Any CPU
		{0E981080-51E6-421B-ACED-5AB11C46F74F}.Release|ARM.ActiveCfg = Release|Any CPU
		{0E981080-51E6-421B-ACED-5AB11C46F74F}.Release|ARM.Build.0 = Release|Any CPU
		{0E981080-51E6-421B-ACED-5AB11C46F74F}.Release|x64.ActiveCfg = Release|Any CPU
		{0E981080-51E6-421B-ACED-5AB11C46F74F}.Release|x64.Build.0 = Release|Any CPU
		{0E981080-51E6-421B-ACED-5AB11C46F74F}.Release|x86.ActiveCfg = Release|Any CPU
		{0E981080-51E6-421B-ACED-5AB11C46F74F}.Release|x86.Build.0 = Release|Any CPU
		{61B64016-84E6-440C-9C87-7164B68130E3}.Debug|Any CPU.ActiveCfg = Debug|Any CPU
		{61B64016-84E6-440C-9C87-7164B68130E3}.Debug|Any CPU.Build.0 = Debug|Any CPU
		{61B64016-84E6-440C-9C87-7164B68130E3}.Debug|ARM.ActiveCfg = Debug|Any CPU
		{61B64016-84E6-440C-9C87-7164B68130E3}.Debug|ARM.Build.0 = Debug|Any CPU
		{61B64016-84E6-440C-9C87-7164B68130E3}.Debug|x64.ActiveCfg = Debug|Any CPU
		{61B64016-84E6-440C-9C87-7164B68130E3}.Debug|x64.Build.0 = Debug|Any CPU
		{61B64016-84E6-440C-9C87-7164B68130E3}.Debug|x86.ActiveCfg = Debug|Any CPU
		{61B64016-84E6-440C-9C87-7164B68130E3}.Debug|x86.Build.0 = Debug|Any CPU
		{61B64016-84E6-440C-9C87-7164B68130E3}.Release|Any CPU.ActiveCfg = Release|Any CPU
		{61B64016-84E6-440C-9C87-7164B68130E3}.Release|Any CPU.Build.0 = Release|Any CPU
		{61B64016-84E6-440C-9C87-7164B68130E3}.Release|ARM.ActiveCfg = Release|Any CPU
		{61B64016-84E6-440C-9C87-7164B68130E3}.Release|ARM.Build.0 = Release|Any CPU
		{61B64016-84E6-440C-9C87-7164B68130E3}.Release|x64.ActiveCfg = Release|Any CPU
		{61B64016-84E6-440C-9C87-7164B68130E3}.Release|x64.Build.0 = Release|Any CPU
		{61B64016-84E6-440C-9C87-7164B68130E3}.Release|x86.ActiveCfg = Release|Any CPU
		{61B64016-84E6-440C-9C87-7164B68130E3}.Release|x86.Build.0 = Release|Any CPU
		{B65547D3-1161-4C8F-862F-AEAD9E1B58C5}.Debug|Any CPU.ActiveCfg = Debug|Any CPU
		{B65547D3-1161-4C8F-862F-AEAD9E1B58C5}.Debug|Any CPU.Build.0 = Debug|Any CPU
		{B65547D3-1161-4C8F-862F-AEAD9E1B58C5}.Debug|ARM.ActiveCfg = Debug|Any CPU
		{B65547D3-1161-4C8F-862F-AEAD9E1B58C5}.Debug|ARM.Build.0 = Debug|Any CPU
		{B65547D3-1161-4C8F-862F-AEAD9E1B58C5}.Debug|x64.ActiveCfg = Debug|Any CPU
		{B65547D3-1161-4C8F-862F-AEAD9E1B58C5}.Debug|x64.Build.0 = Debug|Any CPU
		{B65547D3-1161-4C8F-862F-AEAD9E1B58C5}.Debug|x86.ActiveCfg = Debug|Any CPU
		{B65547D3-1161-4C8F-862F-AEAD9E1B58C5}.Debug|x86.Build.0 = Debug|Any CPU
		{B65547D3-1161-4C8F-862F-AEAD9E1B58C5}.Release|Any CPU.ActiveCfg = Release|Any CPU
		{B65547D3-1161-4C8F-862F-AEAD9E1B58C5}.Release|Any CPU.Build.0 = Release|Any CPU
		{B65547D3-1161-4C8F-862F-AEAD9E1B58C5}.Release|ARM.ActiveCfg = Release|Any CPU
		{B65547D3-1161-4C8F-862F-AEAD9E1B58C5}.Release|ARM.Build.0 = Release|Any CPU
		{B65547D3-1161-4C8F-862F-AEAD9E1B58C5}.Release|x64.ActiveCfg = Release|Any CPU
		{B65547D3-1161-4C8F-862F-AEAD9E1B58C5}.Release|x64.Build.0 = Release|Any CPU
		{B65547D3-1161-4C8F-862F-AEAD9E1B58C5}.Release|x86.ActiveCfg = Release|Any CPU
		{B65547D3-1161-4C8F-862F-AEAD9E1B58C5}.Release|x86.Build.0 = Release|Any CPU
	EndGlobalSection
	GlobalSection(SolutionProperties) = preSolution
		HideSolutionNode = FALSE
	EndGlobalSection
	GlobalSection(NestedProjects) = preSolution
		{EF208738-29BC-49FD-933F-19B6BECAC717} = {30788AE0-FA2B-4A6C-840C-3EC3238CAD4C}
		{E7E5CD80-3591-4E63-848B-4CABD4532BF1} = {30788AE0-FA2B-4A6C-840C-3EC3238CAD4C}
		{7679E23C-77C8-4898-8529-8D6E33941248} = {30788AE0-FA2B-4A6C-840C-3EC3238CAD4C}
		{D33F1861-CA96-4AE6-9BD4-BD2ABA560320} = {AC4826E5-79FA-44E0-9A85-B4C484504021}
		{4D252C51-BB63-4370-8925-7357343B7849} = {AC4826E5-79FA-44E0-9A85-B4C484504021}
		{1E51C46E-1C50-4BD6-B966-2C4F1A11A13A} = {AC4826E5-79FA-44E0-9A85-B4C484504021}
		{7A2A4C99-235F-4892-8589-6016C45E1C95} = {30788AE0-FA2B-4A6C-840C-3EC3238CAD4C}
		{F0485F60-BD0F-4567-A909-1F8C9B0370D6} = {AC4826E5-79FA-44E0-9A85-B4C484504021}
		{12270BB1-4D62-40AC-8708-78409406898E} = {AC4826E5-79FA-44E0-9A85-B4C484504021}
		{68A947ED-11DE-4762-8E3F-94E262874A20} = {AC4826E5-79FA-44E0-9A85-B4C484504021}
		{1B011631-4F1F-430A-8419-501D04C4E947} = {AC4826E5-79FA-44E0-9A85-B4C484504021}
		{0E981080-51E6-421B-ACED-5AB11C46F74F} = {1B011631-4F1F-430A-8419-501D04C4E947}
		{61B64016-84E6-440C-9C87-7164B68130E3} = {1B011631-4F1F-430A-8419-501D04C4E947}
		{B65547D3-1161-4C8F-862F-AEAD9E1B58C5} = {1B011631-4F1F-430A-8419-501D04C4E947}
	EndGlobalSection
EndGlobal
