
Microsoft Visual Studio Solution File, Format Version 12.00
# Visual Studio 14
VisualStudioVersion = 14.0.25123.0
MinimumVisualStudioVersion = 10.0.40219.1
Project("{FAE04EC0-301F-11D3-BF4B-00C04F79EFBC}") = "EsentSerialize10", "Core\EsentSerialize10\EsentSerialize10.csproj", "{E7E5CD80-3591-4E63-848B-4CABD4532BF1}"
EndProject
Project("{FAE04EC0-301F-11D3-BF4B-00C04F79EFBC}") = "PerfVsSqlite", "Demos\PerfVsSqlite\PerfVsSqlite.csproj", "{C70E203A-879A-400D-90C3-E91591FEC07F}"
EndProject
Global
	GlobalSection(SolutionConfigurationPlatforms) = preSolution
		Debug|Any CPU = Debug|Any CPU
		Debug|ARM = Debug|ARM
		Debug|x86 = Debug|x86
		Release|Any CPU = Release|Any CPU
		Release|ARM = Release|ARM
		Release|x86 = Release|x86
	EndGlobalSection
	GlobalSection(ProjectConfigurationPlatforms) = postSolution
		{E7E5CD80-3591-4E63-848B-4CABD4532BF1}.Debug|Any CPU.ActiveCfg = Debug|Any CPU
		{E7E5CD80-3591-4E63-848B-4CABD4532BF1}.Debug|Any CPU.Build.0 = Debug|Any CPU
		{E7E5CD80-3591-4E63-848B-4CABD4532BF1}.Debug|ARM.ActiveCfg = Debug|Any CPU
		{E7E5CD80-3591-4E63-848B-4CABD4532BF1}.Debug|ARM.Build.0 = Debug|Any CPU
		{E7E5CD80-3591-4E63-848B-4CABD4532BF1}.Debug|x86.ActiveCfg = Debug|Any CPU
		{E7E5CD80-3591-4E63-848B-4CABD4532BF1}.Debug|x86.Build.0 = Debug|Any CPU
		{E7E5CD80-3591-4E63-848B-4CABD4532BF1}.Release|Any CPU.ActiveCfg = Release|Any CPU
		{E7E5CD80-3591-4E63-848B-4CABD4532BF1}.Release|Any CPU.Build.0 = Release|Any CPU
		{E7E5CD80-3591-4E63-848B-4CABD4532BF1}.Release|ARM.ActiveCfg = Release|Any CPU
		{E7E5CD80-3591-4E63-848B-4CABD4532BF1}.Release|ARM.Build.0 = Release|Any CPU
		{E7E5CD80-3591-4E63-848B-4CABD4532BF1}.Release|x86.ActiveCfg = Release|Any CPU
		{E7E5CD80-3591-4E63-848B-4CABD4532BF1}.Release|x86.Build.0 = Release|Any CPU
		{C70E203A-879A-400D-90C3-E91591FEC07F}.Debug|Any CPU.ActiveCfg = Debug|x86
		{C70E203A-879A-400D-90C3-E91591FEC07F}.Debug|ARM.ActiveCfg = Debug|ARM
		{C70E203A-879A-400D-90C3-E91591FEC07F}.Debug|ARM.Build.0 = Debug|ARM
		{C70E203A-879A-400D-90C3-E91591FEC07F}.Debug|ARM.Deploy.0 = Debug|ARM
		{C70E203A-879A-400D-90C3-E91591FEC07F}.Debug|x86.ActiveCfg = Debug|x86
		{C70E203A-879A-400D-90C3-E91591FEC07F}.Debug|x86.Build.0 = Debug|x86
		{C70E203A-879A-400D-90C3-E91591FEC07F}.Debug|x86.Deploy.0 = Debug|x86
		{C70E203A-879A-400D-90C3-E91591FEC07F}.Release|Any CPU.ActiveCfg = Release|x86
		{C70E203A-879A-400D-90C3-E91591FEC07F}.Release|ARM.ActiveCfg = Release|ARM
		{C70E203A-879A-400D-90C3-E91591FEC07F}.Release|ARM.Build.0 = Release|ARM
		{C70E203A-879A-400D-90C3-E91591FEC07F}.Release|ARM.Deploy.0 = Release|ARM
		{C70E203A-879A-400D-90C3-E91591FEC07F}.Release|x86.ActiveCfg = Release|x86
		{C70E203A-879A-400D-90C3-E91591FEC07F}.Release|x86.Build.0 = Release|x86
		{C70E203A-879A-400D-90C3-E91591FEC07F}.Release|x86.Deploy.0 = Release|x86
	EndGlobalSection
	GlobalSection(SolutionProperties) = preSolution
		HideSolutionNode = FALSE
	EndGlobalSection
EndGlobal
